dependencies:
- name: ibmcloud
  repository: https://ibm-garage-cloud.github.io/toolkit-charts/
  version: 0.3.0
- name: tool-config
  repository: https://ibm-garage-cloud.github.io/toolkit-charts/
  version: 0.9.0
- name: tool-config
  repository: https://ibm-garage-cloud.github.io/toolkit-charts/
  version: 0.9.0
- name: doc-config
  repository: https://ibm-garage-cloud.github.io/toolkit-charts/
  version: 0.1.0
- name: doc-config
  repository: https://ibm-garage-cloud.github.io/toolkit-charts/
  version: 0.1.0
digest: sha256:b44b3f7699d9bec77839d894b9ea47d40013939fc04efa650113c46bb9226715
generated: "2020-08-12T22:11:38.668927-05:00"
